// !$*UTF8*$!
{
	archiveVersion = 1;
	classes = {
	};
	objectVersion = 56;
	objects = {

/* Begin PBXBuildFile section */
		3A4653C82AB9A59D0073FA31 /* NetworkingManager.swift in Sources */ = {isa = PBXBuildFile; fileRef = 3A4653C72AB9A59D0073FA31 /* NetworkingManager.swift */; };
		3A4653CA2AB9A5B50073FA31 /* APIRouter.swift in Sources */ = {isa = PBXBuildFile; fileRef = 3A4653C92AB9A5B50073FA31 /* APIRouter.swift */; };
		3A4653CC2AB9A5C70073FA31 /* HttpMethod.swift in Sources */ = {isa = PBXBuildFile; fileRef = 3A4653CB2AB9A5C70073FA31 /* HttpMethod.swift */; };
		3A4653CE2AB9A5DB0073FA31 /* NetworkError.swift in Sources */ = {isa = PBXBuildFile; fileRef = 3A4653CD2AB9A5DB0073FA31 /* NetworkError.swift */; };
		3A4653D02AB9A7840073FA31 /* MainEntity.swift in Sources */ = {isa = PBXBuildFile; fileRef = 3A4653CF2AB9A7840073FA31 /* MainEntity.swift */; };
		3A4653D22AB9D39B0073FA31 /* LoadingCVCell.swift in Sources */ = {isa = PBXBuildFile; fileRef = 3A4653D12AB9D39B0073FA31 /* LoadingCVCell.swift */; };
		3A4653D42ABA5BFE0073FA31 /* MainRouter.swift in Sources */ = {isa = PBXBuildFile; fileRef = 3A4653D32ABA5BFE0073FA31 /* MainRouter.swift */; };
		3A4653D62ABA5C220073FA31 /* MainPresenter.swift in Sources */ = {isa = PBXBuildFile; fileRef = 3A4653D52ABA5C220073FA31 /* MainPresenter.swift */; };
		3A4653D82ABA5C480073FA31 /* MainInteractor.swift in Sources */ = {isa = PBXBuildFile; fileRef = 3A4653D72ABA5C480073FA31 /* MainInteractor.swift */; };
		3A4653DA2ABA5F1B0073FA31 /* MainBuilder.swift in Sources */ = {isa = PBXBuildFile; fileRef = 3A4653D92ABA5F1B0073FA31 /* MainBuilder.swift */; };
		3A748D7E2ABB9F1D0067F6EA /* GenresVC.swift in Sources */ = {isa = PBXBuildFile; fileRef = 3A748D7D2ABB9F1D0067F6EA /* GenresVC.swift */; };
		3A748D802ABBA3440067F6EA /* UIViewController+Extensions.swift in Sources */ = {isa = PBXBuildFile; fileRef = 3A748D7F2ABBA3440067F6EA /* UIViewController+Extensions.swift */; };
		3A748D822ABBA5430067F6EA /* GenreCVCell.swift in Sources */ = {isa = PBXBuildFile; fileRef = 3A748D812ABBA5430067F6EA /* GenreCVCell.swift */; };
		3AE70C2B2AB8537300446A6C /* AppDelegate.swift in Sources */ = {isa = PBXBuildFile; fileRef = 3AE70C2A2AB8537300446A6C /* AppDelegate.swift */; };
		3AE70C2D2AB8537300446A6C /* SceneDelegate.swift in Sources */ = {isa = PBXBuildFile; fileRef = 3AE70C2C2AB8537300446A6C /* SceneDelegate.swift */; };
		3AE70C2F2AB8537300446A6C /* MainVC.swift in Sources */ = {isa = PBXBuildFile; fileRef = 3AE70C2E2AB8537300446A6C /* MainVC.swift */; };
		3AE70C342AB8537400446A6C /* Assets.xcassets in Resources */ = {isa = PBXBuildFile; fileRef = 3AE70C332AB8537400446A6C /* Assets.xcassets */; };
		3AE70C372AB8537400446A6C /* LaunchScreen.storyboard in Resources */ = {isa = PBXBuildFile; fileRef = 3AE70C352AB8537400446A6C /* LaunchScreen.storyboard */; };
		3AE70C422AB8537400446A6C /* CinemateTests.swift in Sources */ = {isa = PBXBuildFile; fileRef = 3AE70C412AB8537400446A6C /* CinemateTests.swift */; };
		3AE70C4C2AB8537500446A6C /* CinemateUITests.swift in Sources */ = {isa = PBXBuildFile; fileRef = 3AE70C4B2AB8537500446A6C /* CinemateUITests.swift */; };
		3AE70C4E2AB8537500446A6C /* CinemateUITestsLaunchTests.swift in Sources */ = {isa = PBXBuildFile; fileRef = 3AE70C4D2AB8537500446A6C /* CinemateUITestsLaunchTests.swift */; };
		3AE70C5C2AB85CCE00446A6C /* UIView+Extensions.swift in Sources */ = {isa = PBXBuildFile; fileRef = 3AE70C5B2AB85CCE00446A6C /* UIView+Extensions.swift */; };
		3AE70C5E2AB85D2000446A6C /* UIEdgeInsets+Extension.swift in Sources */ = {isa = PBXBuildFile; fileRef = 3AE70C5D2AB85D2000446A6C /* UIEdgeInsets+Extension.swift */; };
		3AE70C602AB85D3500446A6C /* UICollectionView+Extensions.swift in Sources */ = {isa = PBXBuildFile; fileRef = 3AE70C5F2AB85D3500446A6C /* UICollectionView+Extensions.swift */; };
		3AE70C622AB85D5300446A6C /* UILabel+Extensions.swift in Sources */ = {isa = PBXBuildFile; fileRef = 3AE70C612AB85D5300446A6C /* UILabel+Extensions.swift */; };
		3AE70C652AB85DE200446A6C /* Observable.swift in Sources */ = {isa = PBXBuildFile; fileRef = 3AE70C642AB85DE200446A6C /* Observable.swift */; };
		3AE70C6A2AB918B900446A6C /* ImageCVCell.swift in Sources */ = {isa = PBXBuildFile; fileRef = 3AE70C692AB918B900446A6C /* ImageCVCell.swift */; };
		3AE70C6C2AB9197900446A6C /* UIImageView+Extensions.swift in Sources */ = {isa = PBXBuildFile; fileRef = 3AE70C6B2AB9197900446A6C /* UIImageView+Extensions.swift */; };
		574025E96D461D07D55F7C6D /* Pods_Cinemate_CinemateUITests.framework in Frameworks */ = {isa = PBXBuildFile; fileRef = 23069EE7E82296881117DE3A /* Pods_Cinemate_CinemateUITests.framework */; };
		7C1373774A37E947F686E7CB /* Pods_Cinemate.framework in Frameworks */ = {isa = PBXBuildFile; fileRef = A67502BB2F31BE630797A688 /* Pods_Cinemate.framework */; };
		93E41C0528DC15165BBD5F23 /* Pods_CinemateTests.framework in Frameworks */ = {isa = PBXBuildFile; fileRef = 263DC74ABF2D5FA3B13E439E /* Pods_CinemateTests.framework */; };
/* End PBXBuildFile section */

/* Begin PBXContainerItemProxy section */
		3AE70C3E2AB8537400446A6C /* PBXContainerItemProxy */ = {
			isa = PBXContainerItemProxy;
			containerPortal = 3AE70C1F2AB8537300446A6C /* Project object */;
			proxyType = 1;
			remoteGlobalIDString = 3AE70C262AB8537300446A6C;
			remoteInfo = Cinemate;
		};
		3AE70C482AB8537500446A6C /* PBXContainerItemProxy */ = {
			isa = PBXContainerItemProxy;
			containerPortal = 3AE70C1F2AB8537300446A6C /* Project object */;
			proxyType = 1;
			remoteGlobalIDString = 3AE70C262AB8537300446A6C;
			remoteInfo = Cinemate;
		};
/* End PBXContainerItemProxy section */

/* Begin PBXFileReference section */
		05613C1DAE3D8A139E426FA1 /* Pods-Cinemate.release.xcconfig */ = {isa = PBXFileReference; includeInIndex = 1; lastKnownFileType = text.xcconfig; name = "Pods-Cinemate.release.xcconfig"; path = "Target Support Files/Pods-Cinemate/Pods-Cinemate.release.xcconfig"; sourceTree = "<group>"; };
		1F73940BCC3CB35307DF84A4 /* Pods-CinemateTests.release.xcconfig */ = {isa = PBXFileReference; includeInIndex = 1; lastKnownFileType = text.xcconfig; name = "Pods-CinemateTests.release.xcconfig"; path = "Target Support Files/Pods-CinemateTests/Pods-CinemateTests.release.xcconfig"; sourceTree = "<group>"; };
		23069EE7E82296881117DE3A /* Pods_Cinemate_CinemateUITests.framework */ = {isa = PBXFileReference; explicitFileType = wrapper.framework; includeInIndex = 0; path = Pods_Cinemate_CinemateUITests.framework; sourceTree = BUILT_PRODUCTS_DIR; };
		263DC74ABF2D5FA3B13E439E /* Pods_CinemateTests.framework */ = {isa = PBXFileReference; explicitFileType = wrapper.framework; includeInIndex = 0; path = Pods_CinemateTests.framework; sourceTree = BUILT_PRODUCTS_DIR; };
		3A4653C72AB9A59D0073FA31 /* NetworkingManager.swift */ = {isa = PBXFileReference; lastKnownFileType = sourcecode.swift; path = NetworkingManager.swift; sourceTree = "<group>"; };
		3A4653C92AB9A5B50073FA31 /* APIRouter.swift */ = {isa = PBXFileReference; lastKnownFileType = sourcecode.swift; path = APIRouter.swift; sourceTree = "<group>"; };
		3A4653CB2AB9A5C70073FA31 /* HttpMethod.swift */ = {isa = PBXFileReference; lastKnownFileType = sourcecode.swift; path = HttpMethod.swift; sourceTree = "<group>"; };
		3A4653CD2AB9A5DB0073FA31 /* NetworkError.swift */ = {isa = PBXFileReference; lastKnownFileType = sourcecode.swift; path = NetworkError.swift; sourceTree = "<group>"; };
		3A4653CF2AB9A7840073FA31 /* MainEntity.swift */ = {isa = PBXFileReference; lastKnownFileType = sourcecode.swift; path = MainEntity.swift; sourceTree = "<group>"; };
		3A4653D12AB9D39B0073FA31 /* LoadingCVCell.swift */ = {isa = PBXFileReference; lastKnownFileType = sourcecode.swift; path = LoadingCVCell.swift; sourceTree = "<group>"; };
		3A4653D32ABA5BFE0073FA31 /* MainRouter.swift */ = {isa = PBXFileReference; lastKnownFileType = sourcecode.swift; path = MainRouter.swift; sourceTree = "<group>"; };
		3A4653D52ABA5C220073FA31 /* MainPresenter.swift */ = {isa = PBXFileReference; lastKnownFileType = sourcecode.swift; path = MainPresenter.swift; sourceTree = "<group>"; };
		3A4653D72ABA5C480073FA31 /* MainInteractor.swift */ = {isa = PBXFileReference; lastKnownFileType = sourcecode.swift; path = MainInteractor.swift; sourceTree = "<group>"; };
		3A4653D92ABA5F1B0073FA31 /* MainBuilder.swift */ = {isa = PBXFileReference; lastKnownFileType = sourcecode.swift; path = MainBuilder.swift; sourceTree = "<group>"; };
		3A748D7D2ABB9F1D0067F6EA /* GenresVC.swift */ = {isa = PBXFileReference; lastKnownFileType = sourcecode.swift; path = GenresVC.swift; sourceTree = "<group>"; };
		3A748D7F2ABBA3440067F6EA /* UIViewController+Extensions.swift */ = {isa = PBXFileReference; lastKnownFileType = sourcecode.swift; path = "UIViewController+Extensions.swift"; sourceTree = "<group>"; };
		3A748D812ABBA5430067F6EA /* GenreCVCell.swift */ = {isa = PBXFileReference; lastKnownFileType = sourcecode.swift; path = GenreCVCell.swift; sourceTree = "<group>"; };
		3AE70C272AB8537300446A6C /* Cinemate.app */ = {isa = PBXFileReference; explicitFileType = wrapper.application; includeInIndex = 0; path = Cinemate.app; sourceTree = BUILT_PRODUCTS_DIR; };
		3AE70C2A2AB8537300446A6C /* AppDelegate.swift */ = {isa = PBXFileReference; lastKnownFileType = sourcecode.swift; path = AppDelegate.swift; sourceTree = "<group>"; };
		3AE70C2C2AB8537300446A6C /* SceneDelegate.swift */ = {isa = PBXFileReference; lastKnownFileType = sourcecode.swift; path = SceneDelegate.swift; sourceTree = "<group>"; };
		3AE70C2E2AB8537300446A6C /* MainVC.swift */ = {isa = PBXFileReference; lastKnownFileType = sourcecode.swift; path = MainVC.swift; sourceTree = "<group>"; };
		3AE70C332AB8537400446A6C /* Assets.xcassets */ = {isa = PBXFileReference; lastKnownFileType = folder.assetcatalog; path = Assets.xcassets; sourceTree = "<group>"; };
		3AE70C362AB8537400446A6C /* Base */ = {isa = PBXFileReference; lastKnownFileType = file.storyboard; name = Base; path = Base.lproj/LaunchScreen.storyboard; sourceTree = "<group>"; };
		3AE70C382AB8537400446A6C /* Info.plist */ = {isa = PBXFileReference; lastKnownFileType = text.plist.xml; path = Info.plist; sourceTree = "<group>"; };
		3AE70C3D2AB8537400446A6C /* CinemateTests.xctest */ = {isa = PBXFileReference; explicitFileType = wrapper.cfbundle; includeInIndex = 0; path = CinemateTests.xctest; sourceTree = BUILT_PRODUCTS_DIR; };
		3AE70C412AB8537400446A6C /* CinemateTests.swift */ = {isa = PBXFileReference; lastKnownFileType = sourcecode.swift; path = CinemateTests.swift; sourceTree = "<group>"; };
		3AE70C472AB8537500446A6C /* CinemateUITests.xctest */ = {isa = PBXFileReference; explicitFileType = wrapper.cfbundle; includeInIndex = 0; path = CinemateUITests.xctest; sourceTree = BUILT_PRODUCTS_DIR; };
		3AE70C4B2AB8537500446A6C /* CinemateUITests.swift */ = {isa = PBXFileReference; lastKnownFileType = sourcecode.swift; path = CinemateUITests.swift; sourceTree = "<group>"; };
		3AE70C4D2AB8537500446A6C /* CinemateUITestsLaunchTests.swift */ = {isa = PBXFileReference; lastKnownFileType = sourcecode.swift; path = CinemateUITestsLaunchTests.swift; sourceTree = "<group>"; };
		3AE70C5B2AB85CCE00446A6C /* UIView+Extensions.swift */ = {isa = PBXFileReference; lastKnownFileType = sourcecode.swift; path = "UIView+Extensions.swift"; sourceTree = "<group>"; };
		3AE70C5D2AB85D2000446A6C /* UIEdgeInsets+Extension.swift */ = {isa = PBXFileReference; lastKnownFileType = sourcecode.swift; path = "UIEdgeInsets+Extension.swift"; sourceTree = "<group>"; };
		3AE70C5F2AB85D3500446A6C /* UICollectionView+Extensions.swift */ = {isa = PBXFileReference; lastKnownFileType = sourcecode.swift; path = "UICollectionView+Extensions.swift"; sourceTree = "<group>"; };
		3AE70C612AB85D5300446A6C /* UILabel+Extensions.swift */ = {isa = PBXFileReference; lastKnownFileType = sourcecode.swift; path = "UILabel+Extensions.swift"; sourceTree = "<group>"; };
		3AE70C642AB85DE200446A6C /* Observable.swift */ = {isa = PBXFileReference; lastKnownFileType = sourcecode.swift; path = Observable.swift; sourceTree = "<group>"; };
		3AE70C692AB918B900446A6C /* ImageCVCell.swift */ = {isa = PBXFileReference; lastKnownFileType = sourcecode.swift; path = ImageCVCell.swift; sourceTree = "<group>"; };
		3AE70C6B2AB9197900446A6C /* UIImageView+Extensions.swift */ = {isa = PBXFileReference; lastKnownFileType = sourcecode.swift; path = "UIImageView+Extensions.swift"; sourceTree = "<group>"; };
		4105264FFB40888BF28E5DC6 /* Pods-Cinemate-CinemateUITests.debug.xcconfig */ = {isa = PBXFileReference; includeInIndex = 1; lastKnownFileType = text.xcconfig; name = "Pods-Cinemate-CinemateUITests.debug.xcconfig"; path = "Target Support Files/Pods-Cinemate-CinemateUITests/Pods-Cinemate-CinemateUITests.debug.xcconfig"; sourceTree = "<group>"; };
		58E3DBCFF851A62FE9C6A589 /* Pods-Cinemate.debug.xcconfig */ = {isa = PBXFileReference; includeInIndex = 1; lastKnownFileType = text.xcconfig; name = "Pods-Cinemate.debug.xcconfig"; path = "Target Support Files/Pods-Cinemate/Pods-Cinemate.debug.xcconfig"; sourceTree = "<group>"; };
		852970A29C60CA9DD18CEB1C /* Pods-CinemateTests.debug.xcconfig */ = {isa = PBXFileReference; includeInIndex = 1; lastKnownFileType = text.xcconfig; name = "Pods-CinemateTests.debug.xcconfig"; path = "Target Support Files/Pods-CinemateTests/Pods-CinemateTests.debug.xcconfig"; sourceTree = "<group>"; };
		9A7D4674376998CF9A7C1262 /* Pods-Cinemate-CinemateUITests.release.xcconfig */ = {isa = PBXFileReference; includeInIndex = 1; lastKnownFileType = text.xcconfig; name = "Pods-Cinemate-CinemateUITests.release.xcconfig"; path = "Target Support Files/Pods-Cinemate-CinemateUITests/Pods-Cinemate-CinemateUITests.release.xcconfig"; sourceTree = "<group>"; };
		A67502BB2F31BE630797A688 /* Pods_Cinemate.framework */ = {isa = PBXFileReference; explicitFileType = wrapper.framework; includeInIndex = 0; path = Pods_Cinemate.framework; sourceTree = BUILT_PRODUCTS_DIR; };
/* End PBXFileReference section */

/* Begin PBXFrameworksBuildPhase section */
		3AE70C242AB8537300446A6C /* Frameworks */ = {
			isa = PBXFrameworksBuildPhase;
			buildActionMask = 2147483647;
			files = (
				7C1373774A37E947F686E7CB /* Pods_Cinemate.framework in Frameworks */,
			);
			runOnlyForDeploymentPostprocessing = 0;
		};
		3AE70C3A2AB8537400446A6C /* Frameworks */ = {
			isa = PBXFrameworksBuildPhase;
			buildActionMask = 2147483647;
			files = (
				93E41C0528DC15165BBD5F23 /* Pods_CinemateTests.framework in Frameworks */,
			);
			runOnlyForDeploymentPostprocessing = 0;
		};
		3AE70C442AB8537500446A6C /* Frameworks */ = {
			isa = PBXFrameworksBuildPhase;
			buildActionMask = 2147483647;
			files = (
				574025E96D461D07D55F7C6D /* Pods_Cinemate_CinemateUITests.framework in Frameworks */,
			);
			runOnlyForDeploymentPostprocessing = 0;
		};
/* End PBXFrameworksBuildPhase section */

/* Begin PBXGroup section */
		3A4653C62AB9A5940073FA31 /* Managers */ = {
			isa = PBXGroup;
			children = (
				3A4653C72AB9A59D0073FA31 /* NetworkingManager.swift */,
				3A4653C92AB9A5B50073FA31 /* APIRouter.swift */,
				3A4653CB2AB9A5C70073FA31 /* HttpMethod.swift */,
				3A4653CD2AB9A5DB0073FA31 /* NetworkError.swift */,
			);
			path = Managers;
			sourceTree = "<group>";
		};
		3A748D7C2ABB9F0F0067F6EA /* Genres */ = {
			isa = PBXGroup;
			children = (
				3A748D7D2ABB9F1D0067F6EA /* GenresVC.swift */,
				3A748D812ABBA5430067F6EA /* GenreCVCell.swift */,
			);
			path = Genres;
			sourceTree = "<group>";
		};
		3AE70C1E2AB8537300446A6C = {
			isa = PBXGroup;
			children = (
				3AE70C292AB8537300446A6C /* Cinemate */,
				3AE70C402AB8537400446A6C /* CinemateTests */,
				3AE70C4A2AB8537500446A6C /* CinemateUITests */,
				3AE70C282AB8537300446A6C /* Products */,
				B7FE5F8A46B8F3CD2AF229C2 /* Pods */,
				56672A3B79BE912E6A6768E6 /* Frameworks */,
			);
			sourceTree = "<group>";
		};
		3AE70C282AB8537300446A6C /* Products */ = {
			isa = PBXGroup;
			children = (
				3AE70C272AB8537300446A6C /* Cinemate.app */,
				3AE70C3D2AB8537400446A6C /* CinemateTests.xctest */,
				3AE70C472AB8537500446A6C /* CinemateUITests.xctest */,
			);
			name = Products;
			sourceTree = "<group>";
		};
		3AE70C292AB8537300446A6C /* Cinemate */ = {
			isa = PBXGroup;
			children = (
				3A4653C62AB9A5940073FA31 /* Managers */,
				3AE70C662AB9188600446A6C /* Modules */,
				3AE70C632AB85DDA00446A6C /* Helpers */,
				3AE70C5A2AB85CC600446A6C /* Extensions */,
				3AE70C2A2AB8537300446A6C /* AppDelegate.swift */,
				3AE70C2C2AB8537300446A6C /* SceneDelegate.swift */,
				3AE70C332AB8537400446A6C /* Assets.xcassets */,
				3AE70C352AB8537400446A6C /* LaunchScreen.storyboard */,
				3AE70C382AB8537400446A6C /* Info.plist */,
			);
			path = Cinemate;
			sourceTree = "<group>";
		};
		3AE70C402AB8537400446A6C /* CinemateTests */ = {
			isa = PBXGroup;
			children = (
				3AE70C412AB8537400446A6C /* CinemateTests.swift */,
			);
			path = CinemateTests;
			sourceTree = "<group>";
		};
		3AE70C4A2AB8537500446A6C /* CinemateUITests */ = {
			isa = PBXGroup;
			children = (
				3AE70C4B2AB8537500446A6C /* CinemateUITests.swift */,
				3AE70C4D2AB8537500446A6C /* CinemateUITestsLaunchTests.swift */,
			);
			path = CinemateUITests;
			sourceTree = "<group>";
		};
		3AE70C5A2AB85CC600446A6C /* Extensions */ = {
			isa = PBXGroup;
			children = (
				3AE70C5B2AB85CCE00446A6C /* UIView+Extensions.swift */,
				3AE70C5D2AB85D2000446A6C /* UIEdgeInsets+Extension.swift */,
				3AE70C5F2AB85D3500446A6C /* UICollectionView+Extensions.swift */,
				3AE70C612AB85D5300446A6C /* UILabel+Extensions.swift */,
				3AE70C6B2AB9197900446A6C /* UIImageView+Extensions.swift */,
				3A748D7F2ABBA3440067F6EA /* UIViewController+Extensions.swift */,
			);
			path = Extensions;
			sourceTree = "<group>";
		};
		3AE70C632AB85DDA00446A6C /* Helpers */ = {
			isa = PBXGroup;
			children = (
				3AE70C642AB85DE200446A6C /* Observable.swift */,
				3AE70C692AB918B900446A6C /* ImageCVCell.swift */,
				3A4653D12AB9D39B0073FA31 /* LoadingCVCell.swift */,
			);
			path = Helpers;
			sourceTree = "<group>";
		};
		3AE70C662AB9188600446A6C /* Modules */ = {
			isa = PBXGroup;
			children = (
				3A748D7C2ABB9F0F0067F6EA /* Genres */,
				3AE70C672AB9188C00446A6C /* Main */,
			);
			path = Modules;
			sourceTree = "<group>";
		};
		3AE70C672AB9188C00446A6C /* Main */ = {
			isa = PBXGroup;
			children = (
				3AE70C2E2AB8537300446A6C /* MainVC.swift */,
				3A4653D72ABA5C480073FA31 /* MainInteractor.swift */,
				3A4653D52ABA5C220073FA31 /* MainPresenter.swift */,
				3A4653CF2AB9A7840073FA31 /* MainEntity.swift */,
				3A4653D32ABA5BFE0073FA31 /* MainRouter.swift */,
				3A4653D92ABA5F1B0073FA31 /* MainBuilder.swift */,
			);
			path = Main;
			sourceTree = "<group>";
		};
		56672A3B79BE912E6A6768E6 /* Frameworks */ = {
			isa = PBXGroup;
			children = (
				A67502BB2F31BE630797A688 /* Pods_Cinemate.framework */,
				23069EE7E82296881117DE3A /* Pods_Cinemate_CinemateUITests.framework */,
				263DC74ABF2D5FA3B13E439E /* Pods_CinemateTests.framework */,
			);
			name = Frameworks;
			sourceTree = "<group>";
		};
		B7FE5F8A46B8F3CD2AF229C2 /* Pods */ = {
			isa = PBXGroup;
			children = (
				58E3DBCFF851A62FE9C6A589 /* Pods-Cinemate.debug.xcconfig */,
				05613C1DAE3D8A139E426FA1 /* Pods-Cinemate.release.xcconfig */,
				4105264FFB40888BF28E5DC6 /* Pods-Cinemate-CinemateUITests.debug.xcconfig */,
				9A7D4674376998CF9A7C1262 /* Pods-Cinemate-CinemateUITests.release.xcconfig */,
				852970A29C60CA9DD18CEB1C /* Pods-CinemateTests.debug.xcconfig */,
				1F73940BCC3CB35307DF84A4 /* Pods-CinemateTests.release.xcconfig */,
			);
			path = Pods;
			sourceTree = "<group>";
		};
/* End PBXGroup section */

/* Begin PBXNativeTarget section */
		3AE70C262AB8537300446A6C /* Cinemate */ = {
			isa = PBXNativeTarget;
			buildConfigurationList = 3AE70C512AB8537500446A6C /* Build configuration list for PBXNativeTarget "Cinemate" */;
			buildPhases = (
				DDF23DCB8D823F96E0A552C2 /* [CP] Check Pods Manifest.lock */,
				3AE70C232AB8537300446A6C /* Sources */,
				3AE70C242AB8537300446A6C /* Frameworks */,
				3AE70C252AB8537300446A6C /* Resources */,
				1B764AB236B602ED7D3458CE /* [CP] Embed Pods Frameworks */,
			);
			buildRules = (
			);
			dependencies = (
			);
			name = Cinemate;
			productName = Cinemate;
			productReference = 3AE70C272AB8537300446A6C /* Cinemate.app */;
			productType = "com.apple.product-type.application";
		};
		3AE70C3C2AB8537400446A6C /* CinemateTests */ = {
			isa = PBXNativeTarget;
			buildConfigurationList = 3AE70C542AB8537500446A6C /* Build configuration list for PBXNativeTarget "CinemateTests" */;
			buildPhases = (
				DC32206DB3D4C7B26248033D /* [CP] Check Pods Manifest.lock */,
				3AE70C392AB8537400446A6C /* Sources */,
				3AE70C3A2AB8537400446A6C /* Frameworks */,
				3AE70C3B2AB8537400446A6C /* Resources */,
			);
			buildRules = (
			);
			dependencies = (
				3AE70C3F2AB8537400446A6C /* PBXTargetDependency */,
			);
			name = CinemateTests;
			productName = CinemateTests;
			productReference = 3AE70C3D2AB8537400446A6C /* CinemateTests.xctest */;
			productType = "com.apple.product-type.bundle.unit-test";
		};
		3AE70C462AB8537500446A6C /* CinemateUITests */ = {
			isa = PBXNativeTarget;
			buildConfigurationList = 3AE70C572AB8537500446A6C /* Build configuration list for PBXNativeTarget "CinemateUITests" */;
			buildPhases = (
				54D00DD60996FCEB64797D33 /* [CP] Check Pods Manifest.lock */,
				3AE70C432AB8537500446A6C /* Sources */,
				3AE70C442AB8537500446A6C /* Frameworks */,
				3AE70C452AB8537500446A6C /* Resources */,
				5EEFA90B73417D3D5DF4ED6B /* [CP] Embed Pods Frameworks */,
			);
			buildRules = (
			);
			dependencies = (
				3AE70C492AB8537500446A6C /* PBXTargetDependency */,
			);
			name = CinemateUITests;
			productName = CinemateUITests;
			productReference = 3AE70C472AB8537500446A6C /* CinemateUITests.xctest */;
			productType = "com.apple.product-type.bundle.ui-testing";
		};
/* End PBXNativeTarget section */

/* Begin PBXProject section */
		3AE70C1F2AB8537300446A6C /* Project object */ = {
			isa = PBXProject;
			attributes = {
				BuildIndependentTargetsInParallel = 1;
				LastSwiftUpdateCheck = 1430;
				LastUpgradeCheck = 1430;
				TargetAttributes = {
					3AE70C262AB8537300446A6C = {
						CreatedOnToolsVersion = 14.3.1;
					};
					3AE70C3C2AB8537400446A6C = {
						CreatedOnToolsVersion = 14.3.1;
						TestTargetID = 3AE70C262AB8537300446A6C;
					};
					3AE70C462AB8537500446A6C = {
						CreatedOnToolsVersion = 14.3.1;
						TestTargetID = 3AE70C262AB8537300446A6C;
					};
				};
			};
			buildConfigurationList = 3AE70C222AB8537300446A6C /* Build configuration list for PBXProject "Cinemate" */;
			compatibilityVersion = "Xcode 14.0";
			developmentRegion = en;
			hasScannedForEncodings = 0;
			knownRegions = (
				en,
				Base,
			);
			mainGroup = 3AE70C1E2AB8537300446A6C;
			productRefGroup = 3AE70C282AB8537300446A6C /* Products */;
			projectDirPath = "";
			projectRoot = "";
			targets = (
				3AE70C262AB8537300446A6C /* Cinemate */,
				3AE70C3C2AB8537400446A6C /* CinemateTests */,
				3AE70C462AB8537500446A6C /* CinemateUITests */,
			);
		};
/* End PBXProject section */

/* Begin PBXResourcesBuildPhase section */
		3AE70C252AB8537300446A6C /* Resources */ = {
			isa = PBXResourcesBuildPhase;
			buildActionMask = 2147483647;
			files = (
				3AE70C372AB8537400446A6C /* LaunchScreen.storyboard in Resources */,
				3AE70C342AB8537400446A6C /* Assets.xcassets in Resources */,
			);
			runOnlyForDeploymentPostprocessing = 0;
		};
		3AE70C3B2AB8537400446A6C /* Resources */ = {
			isa = PBXResourcesBuildPhase;
			buildActionMask = 2147483647;
			files = (
			);
			runOnlyForDeploymentPostprocessing = 0;
		};
		3AE70C452AB8537500446A6C /* Resources */ = {
			isa = PBXResourcesBuildPhase;
			buildActionMask = 2147483647;
			files = (
			);
			runOnlyForDeploymentPostprocessing = 0;
		};
/* End PBXResourcesBuildPhase section */

/* Begin PBXShellScriptBuildPhase section */
		1B764AB236B602ED7D3458CE /* [CP] Embed Pods Frameworks */ = {
			isa = PBXShellScriptBuildPhase;
			buildActionMask = 2147483647;
			files = (
			);
			inputFileListPaths = (
				"${PODS_ROOT}/Target Support Files/Pods-Cinemate/Pods-Cinemate-frameworks-${CONFIGURATION}-input-files.xcfilelist",
			);
			name = "[CP] Embed Pods Frameworks";
			outputFileListPaths = (
				"${PODS_ROOT}/Target Support Files/Pods-Cinemate/Pods-Cinemate-frameworks-${CONFIGURATION}-output-files.xcfilelist",
			);
			runOnlyForDeploymentPostprocessing = 0;
			shellPath = /bin/sh;
			shellScript = "\"${PODS_ROOT}/Target Support Files/Pods-Cinemate/Pods-Cinemate-frameworks.sh\"\n";
			showEnvVarsInLog = 0;
		};
		54D00DD60996FCEB64797D33 /* [CP] Check Pods Manifest.lock */ = {
			isa = PBXShellScriptBuildPhase;
			buildActionMask = 2147483647;
			files = (
			);
			inputFileListPaths = (
			);
			inputPaths = (
				"${PODS_PODFILE_DIR_PATH}/Podfile.lock",
				"${PODS_ROOT}/Manifest.lock",
			);
			name = "[CP] Check Pods Manifest.lock";
			outputFileListPaths = (
			);
			outputPaths = (
				"$(DERIVED_FILE_DIR)/Pods-Cinemate-CinemateUITests-checkManifestLockResult.txt",
			);
			runOnlyForDeploymentPostprocessing = 0;
			shellPath = /bin/sh;
			shellScript = "diff \"${PODS_PODFILE_DIR_PATH}/Podfile.lock\" \"${PODS_ROOT}/Manifest.lock\" > /dev/null\nif [ $? != 0 ] ; then\n    # print error to STDERR\n    echo \"error: The sandbox is not in sync with the Podfile.lock. Run 'pod install' or update your CocoaPods installation.\" >&2\n    exit 1\nfi\n# This output is used by Xcode 'outputs' to avoid re-running this script phase.\necho \"SUCCESS\" > \"${SCRIPT_OUTPUT_FILE_0}\"\n";
			showEnvVarsInLog = 0;
		};
		5EEFA90B73417D3D5DF4ED6B /* [CP] Embed Pods Frameworks */ = {
			isa = PBXShellScriptBuildPhase;
			buildActionMask = 2147483647;
			files = (
			);
			inputFileListPaths = (
				"${PODS_ROOT}/Target Support Files/Pods-Cinemate-CinemateUITests/Pods-Cinemate-CinemateUITests-frameworks-${CONFIGURATION}-input-files.xcfilelist",
			);
			name = "[CP] Embed Pods Frameworks";
			outputFileListPaths = (
				"${PODS_ROOT}/Target Support Files/Pods-Cinemate-CinemateUITests/Pods-Cinemate-CinemateUITests-frameworks-${CONFIGURATION}-output-files.xcfilelist",
			);
			runOnlyForDeploymentPostprocessing = 0;
			shellPath = /bin/sh;
			shellScript = "\"${PODS_ROOT}/Target Support Files/Pods-Cinemate-CinemateUITests/Pods-Cinemate-CinemateUITests-frameworks.sh\"\n";
			showEnvVarsInLog = 0;
		};
		DC32206DB3D4C7B26248033D /* [CP] Check Pods Manifest.lock */ = {
			isa = PBXShellScriptBuildPhase;
			buildActionMask = 2147483647;
			files = (
			);
			inputFileListPaths = (
			);
			inputPaths = (
				"${PODS_PODFILE_DIR_PATH}/Podfile.lock",
				"${PODS_ROOT}/Manifest.lock",
			);
			name = "[CP] Check Pods Manifest.lock";
			outputFileListPaths = (
			);
			outputPaths = (
				"$(DERIVED_FILE_DIR)/Pods-CinemateTests-checkManifestLockResult.txt",
			);
			runOnlyForDeploymentPostprocessing = 0;
			shellPath = /bin/sh;
			shellScript = "diff \"${PODS_PODFILE_DIR_PATH}/Podfile.lock\" \"${PODS_ROOT}/Manifest.lock\" > /dev/null\nif [ $? != 0 ] ; then\n    # print error to STDERR\n    echo \"error: The sandbox is not in sync with the Podfile.lock. Run 'pod install' or update your CocoaPods installation.\" >&2\n    exit 1\nfi\n# This output is used by Xcode 'outputs' to avoid re-running this script phase.\necho \"SUCCESS\" > \"${SCRIPT_OUTPUT_FILE_0}\"\n";
			showEnvVarsInLog = 0;
		};
		DDF23DCB8D823F96E0A552C2 /* [CP] Check Pods Manifest.lock */ = {
			isa = PBXShellScriptBuildPhase;
			buildActionMask = 2147483647;
			files = (
			);
			inputFileListPaths = (
			);
			inputPaths = (
				"${PODS_PODFILE_DIR_PATH}/Podfile.lock",
				"${PODS_ROOT}/Manifest.lock",
			);
			name = "[CP] Check Pods Manifest.lock";
			outputFileListPaths = (
			);
			outputPaths = (
				"$(DERIVED_FILE_DIR)/Pods-Cinemate-checkManifestLockResult.txt",
			);
			runOnlyForDeploymentPostprocessing = 0;
			shellPath = /bin/sh;
			shellScript = "diff \"${PODS_PODFILE_DIR_PATH}/Podfile.lock\" \"${PODS_ROOT}/Manifest.lock\" > /dev/null\nif [ $? != 0 ] ; then\n    # print error to STDERR\n    echo \"error: The sandbox is not in sync with the Podfile.lock. Run 'pod install' or update your CocoaPods installation.\" >&2\n    exit 1\nfi\n# This output is used by Xcode 'outputs' to avoid re-running this script phase.\necho \"SUCCESS\" > \"${SCRIPT_OUTPUT_FILE_0}\"\n";
			showEnvVarsInLog = 0;
		};
/* End PBXShellScriptBuildPhase section */

/* Begin PBXSourcesBuildPhase section */
		3AE70C232AB8537300446A6C /* Sources */ = {
			isa = PBXSourcesBuildPhase;
			buildActionMask = 2147483647;
			files = (
				3AE70C6C2AB9197900446A6C /* UIImageView+Extensions.swift in Sources */,
				3A748D7E2ABB9F1D0067F6EA /* GenresVC.swift in Sources */,
				3A4653CE2AB9A5DB0073FA31 /* NetworkError.swift in Sources */,
				3A4653CA2AB9A5B50073FA31 /* APIRouter.swift in Sources */,
				3A4653D42ABA5BFE0073FA31 /* MainRouter.swift in Sources */,
				3A4653DA2ABA5F1B0073FA31 /* MainBuilder.swift in Sources */,
				3A748D802ABBA3440067F6EA /* UIViewController+Extensions.swift in Sources */,
				3A4653CC2AB9A5C70073FA31 /* HttpMethod.swift in Sources */,
				3AE70C6A2AB918B900446A6C /* ImageCVCell.swift in Sources */,
				3A4653D22AB9D39B0073FA31 /* LoadingCVCell.swift in Sources */,
				3AE70C652AB85DE200446A6C /* Observable.swift in Sources */,
				3AE70C2F2AB8537300446A6C /* MainVC.swift in Sources */,
				3A4653D82ABA5C480073FA31 /* MainInteractor.swift in Sources */,
				3AE70C2B2AB8537300446A6C /* AppDelegate.swift in Sources */,
				3AE70C602AB85D3500446A6C /* UICollectionView+Extensions.swift in Sources */,
				3AE70C5C2AB85CCE00446A6C /* UIView+Extensions.swift in Sources */,
				3A4653C82AB9A59D0073FA31 /* NetworkingManager.swift in Sources */,
				3A4653D62ABA5C220073FA31 /* MainPresenter.swift in Sources */,
				3AE70C5E2AB85D2000446A6C /* UIEdgeInsets+Extension.swift in Sources */,
				3AE70C2D2AB8537300446A6C /* SceneDelegate.swift in Sources */,
				3A748D822ABBA5430067F6EA /* GenreCVCell.swift in Sources */,
				3AE70C622AB85D5300446A6C /* UILabel+Extensions.swift in Sources */,
				3A4653D02AB9A7840073FA31 /* MainEntity.swift in Sources */,
			);
			runOnlyForDeploymentPostprocessing = 0;
		};
		3AE70C392AB8537400446A6C /* Sources */ = {
			isa = PBXSourcesBuildPhase;
			buildActionMask = 2147483647;
			files = (
				3AE70C422AB8537400446A6C /* CinemateTests.swift in Sources */,
			);
			runOnlyForDeploymentPostprocessing = 0;
		};
		3AE70C432AB8537500446A6C /* Sources */ = {
			isa = PBXSourcesBuildPhase;
			buildActionMask = 2147483647;
			files = (
				3AE70C4E2AB8537500446A6C /* CinemateUITestsLaunchTests.swift in Sources */,
				3AE70C4C2AB8537500446A6C /* CinemateUITests.swift in Sources */,
			);
			runOnlyForDeploymentPostprocessing = 0;
		};
/* End PBXSourcesBuildPhase section */

/* Begin PBXTargetDependency section */
		3AE70C3F2AB8537400446A6C /* PBXTargetDependency */ = {
			isa = PBXTargetDependency;
			target = 3AE70C262AB8537300446A6C /* Cinemate */;
			targetProxy = 3AE70C3E2AB8537400446A6C /* PBXContainerItemProxy */;
		};
		3AE70C492AB8537500446A6C /* PBXTargetDependency */ = {
			isa = PBXTargetDependency;
			target = 3AE70C262AB8537300446A6C /* Cinemate */;
			targetProxy = 3AE70C482AB8537500446A6C /* PBXContainerItemProxy */;
		};
/* End PBXTargetDependency section */

/* Begin PBXVariantGroup section */
		3AE70C352AB8537400446A6C /* LaunchScreen.storyboard */ = {
			isa = PBXVariantGroup;
			children = (
				3AE70C362AB8537400446A6C /* Base */,
			);
			name = LaunchScreen.storyboard;
			sourceTree = "<group>";
		};
/* End PBXVariantGroup section */

/* Begin XCBuildConfiguration section */
		3AE70C4F2AB8537500446A6C /* Debug */ = {
			isa = XCBuildConfiguration;
			buildSettings = {
				ALWAYS_SEARCH_USER_PATHS = NO;
				CLANG_ANALYZER_NONNULL = YES;
				CLANG_ANALYZER_NUMBER_OBJECT_CONVERSION = YES_AGGRESSIVE;
				CLANG_CXX_LANGUAGE_STANDARD = "gnu++20";
				CLANG_ENABLE_MODULES = YES;
				CLANG_ENABLE_OBJC_ARC = YES;
				CLANG_ENABLE_OBJC_WEAK = YES;
				CLANG_WARN_BLOCK_CAPTURE_AUTORELEASING = YES;
				CLANG_WARN_BOOL_CONVERSION = YES;
				CLANG_WARN_COMMA = YES;
				CLANG_WARN_CONSTANT_CONVERSION = YES;
				CLANG_WARN_DEPRECATED_OBJC_IMPLEMENTATIONS = YES;
				CLANG_WARN_DIRECT_OBJC_ISA_USAGE = YES_ERROR;
				CLANG_WARN_DOCUMENTATION_COMMENTS = YES;
				CLANG_WARN_EMPTY_BODY = YES;
				CLANG_WARN_ENUM_CONVERSION = YES;
				CLANG_WARN_INFINITE_RECURSION = YES;
				CLANG_WARN_INT_CONVERSION = YES;
				CLANG_WARN_NON_LITERAL_NULL_CONVERSION = YES;
				CLANG_WARN_OBJC_IMPLICIT_RETAIN_SELF = YES;
				CLANG_WARN_OBJC_LITERAL_CONVERSION = YES;
				CLANG_WARN_OBJC_ROOT_CLASS = YES_ERROR;
				CLANG_WARN_QUOTED_INCLUDE_IN_FRAMEWORK_HEADER = YES;
				CLANG_WARN_RANGE_LOOP_ANALYSIS = YES;
				CLANG_WARN_STRICT_PROTOTYPES = YES;
				CLANG_WARN_SUSPICIOUS_MOVE = YES;
				CLANG_WARN_UNGUARDED_AVAILABILITY = YES_AGGRESSIVE;
				CLANG_WARN_UNREACHABLE_CODE = YES;
				CLANG_WARN__DUPLICATE_METHOD_MATCH = YES;
				COPY_PHASE_STRIP = NO;
				DEBUG_INFORMATION_FORMAT = dwarf;
				ENABLE_STRICT_OBJC_MSGSEND = YES;
				ENABLE_TESTABILITY = YES;
				GCC_C_LANGUAGE_STANDARD = gnu11;
				GCC_DYNAMIC_NO_PIC = NO;
				GCC_NO_COMMON_BLOCKS = YES;
				GCC_OPTIMIZATION_LEVEL = 0;
				GCC_PREPROCESSOR_DEFINITIONS = (
					"DEBUG=1",
					"$(inherited)",
				);
				GCC_WARN_64_TO_32_BIT_CONVERSION = YES;
				GCC_WARN_ABOUT_RETURN_TYPE = YES_ERROR;
				GCC_WARN_UNDECLARED_SELECTOR = YES;
				GCC_WARN_UNINITIALIZED_AUTOS = YES_AGGRESSIVE;
				GCC_WARN_UNUSED_FUNCTION = YES;
				GCC_WARN_UNUSED_VARIABLE = YES;
				IPHONEOS_DEPLOYMENT_TARGET = 16.4;
				MTL_ENABLE_DEBUG_INFO = INCLUDE_SOURCE;
				MTL_FAST_MATH = YES;
				ONLY_ACTIVE_ARCH = YES;
				SDKROOT = iphoneos;
				SWIFT_ACTIVE_COMPILATION_CONDITIONS = DEBUG;
				SWIFT_OPTIMIZATION_LEVEL = "-Onone";
			};
			name = Debug;
		};
		3AE70C502AB8537500446A6C /* Release */ = {
			isa = XCBuildConfiguration;
			buildSettings = {
				ALWAYS_SEARCH_USER_PATHS = NO;
				CLANG_ANALYZER_NONNULL = YES;
				CLANG_ANALYZER_NUMBER_OBJECT_CONVERSION = YES_AGGRESSIVE;
				CLANG_CXX_LANGUAGE_STANDARD = "gnu++20";
				CLANG_ENABLE_MODULES = YES;
				CLANG_ENABLE_OBJC_ARC = YES;
				CLANG_ENABLE_OBJC_WEAK = YES;
				CLANG_WARN_BLOCK_CAPTURE_AUTORELEASING = YES;
				CLANG_WARN_BOOL_CONVERSION = YES;
				CLANG_WARN_COMMA = YES;
				CLANG_WARN_CONSTANT_CONVERSION = YES;
				CLANG_WARN_DEPRECATED_OBJC_IMPLEMENTATIONS = YES;
				CLANG_WARN_DIRECT_OBJC_ISA_USAGE = YES_ERROR;
				CLANG_WARN_DOCUMENTATION_COMMENTS = YES;
				CLANG_WARN_EMPTY_BODY = YES;
				CLANG_WARN_ENUM_CONVERSION = YES;
				CLANG_WARN_INFINITE_RECURSION = YES;
				CLANG_WARN_INT_CONVERSION = YES;
				CLANG_WARN_NON_LITERAL_NULL_CONVERSION = YES;
				CLANG_WARN_OBJC_IMPLICIT_RETAIN_SELF = YES;
				CLANG_WARN_OBJC_LITERAL_CONVERSION = YES;
				CLANG_WARN_OBJC_ROOT_CLASS = YES_ERROR;
				CLANG_WARN_QUOTED_INCLUDE_IN_FRAMEWORK_HEADER = YES;
				CLANG_WARN_RANGE_LOOP_ANALYSIS = YES;
				CLANG_WARN_STRICT_PROTOTYPES = YES;
				CLANG_WARN_SUSPICIOUS_MOVE = YES;
				CLANG_WARN_UNGUARDED_AVAILABILITY = YES_AGGRESSIVE;
				CLANG_WARN_UNREACHABLE_CODE = YES;
				CLANG_WARN__DUPLICATE_METHOD_MATCH = YES;
				COPY_PHASE_STRIP = NO;
				DEBUG_INFORMATION_FORMAT = "dwarf-with-dsym";
				ENABLE_NS_ASSERTIONS = NO;
				ENABLE_STRICT_OBJC_MSGSEND = YES;
				GCC_C_LANGUAGE_STANDARD = gnu11;
				GCC_NO_COMMON_BLOCKS = YES;
				GCC_WARN_64_TO_32_BIT_CONVERSION = YES;
				GCC_WARN_ABOUT_RETURN_TYPE = YES_ERROR;
				GCC_WARN_UNDECLARED_SELECTOR = YES;
				GCC_WARN_UNINITIALIZED_AUTOS = YES_AGGRESSIVE;
				GCC_WARN_UNUSED_FUNCTION = YES;
				GCC_WARN_UNUSED_VARIABLE = YES;
				IPHONEOS_DEPLOYMENT_TARGET = 16.4;
				MTL_ENABLE_DEBUG_INFO = NO;
				MTL_FAST_MATH = YES;
				SDKROOT = iphoneos;
				SWIFT_COMPILATION_MODE = wholemodule;
				SWIFT_OPTIMIZATION_LEVEL = "-O";
				VALIDATE_PRODUCT = YES;
			};
			name = Release;
		};
		3AE70C522AB8537500446A6C /* Debug */ = {
			isa = XCBuildConfiguration;
			baseConfigurationReference = 58E3DBCFF851A62FE9C6A589 /* Pods-Cinemate.debug.xcconfig */;
			buildSettings = {
				ASSETCATALOG_COMPILER_APPICON_NAME = AppIcon;
				ASSETCATALOG_COMPILER_GLOBAL_ACCENT_COLOR_NAME = AccentColor;
				CODE_SIGN_STYLE = Automatic;
				CURRENT_PROJECT_VERSION = 1;
				GENERATE_INFOPLIST_FILE = YES;
				INFOPLIST_FILE = Cinemate/Info.plist;
				INFOPLIST_KEY_UIApplicationSupportsIndirectInputEvents = YES;
				INFOPLIST_KEY_UILaunchStoryboardName = LaunchScreen;
				INFOPLIST_KEY_UISupportedInterfaceOrientations = UIInterfaceOrientationPortrait;
				INFOPLIST_KEY_UISupportedInterfaceOrientations_iPad = "UIInterfaceOrientationLandscapeLeft UIInterfaceOrientationLandscapeRight UIInterfaceOrientationPortrait UIInterfaceOrientationPortraitUpsideDown";
				LD_RUNPATH_SEARCH_PATHS = (
					"$(inherited)",
					"@executable_path/Frameworks",
				);
				MARKETING_VERSION = 1.0;
				PRODUCT_BUNDLE_IDENTIFIER = id.co.chrizers.Cinemate;
				PRODUCT_NAME = "$(TARGET_NAME)";
				SUPPORTED_PLATFORMS = "iphoneos iphonesimulator";
				SUPPORTS_MACCATALYST = NO;
				SUPPORTS_MAC_DESIGNED_FOR_IPHONE_IPAD = YES;
				SWIFT_EMIT_LOC_STRINGS = YES;
				SWIFT_VERSION = 5.0;
				TARGETED_DEVICE_FAMILY = 1;
			};
			name = Debug;
		};
		3AE70C532AB8537500446A6C /* Release */ = {
			isa = XCBuildConfiguration;
			baseConfigurationReference = 05613C1DAE3D8A139E426FA1 /* Pods-Cinemate.release.xcconfig */;
			buildSettings = {
				ASSETCATALOG_COMPILER_APPICON_NAME = AppIcon;
				ASSETCATALOG_COMPILER_GLOBAL_ACCENT_COLOR_NAME = AccentColor;
				CODE_SIGN_STYLE = Automatic;
				CURRENT_PROJECT_VERSION = 1;
				GENERATE_INFOPLIST_FILE = YES;
				INFOPLIST_FILE = Cinemate/Info.plist;
				INFOPLIST_KEY_UIApplicationSupportsIndirectInputEvents = YES;
				INFOPLIST_KEY_UILaunchStoryboardName = LaunchScreen;
				INFOPLIST_KEY_UISupportedInterfaceOrientations = UIInterfaceOrientationPortrait;
				INFOPLIST_KEY_UISupportedInterfaceOrientations_iPad = "UIInterfaceOrientationLandscapeLeft UIInterfaceOrientationLandscapeRight UIInterfaceOrientationPortrait UIInterfaceOrientationPortraitUpsideDown";
				LD_RUNPATH_SEARCH_PATHS = (
					"$(inherited)",
					"@executable_path/Frameworks",
				);
				MARKETING_VERSION = 1.0;
				PRODUCT_BUNDLE_IDENTIFIER = id.co.chrizers.Cinemate;
				PRODUCT_NAME = "$(TARGET_NAME)";
				SUPPORTED_PLATFORMS = "iphoneos iphonesimulator";
				SUPPORTS_MACCATALYST = NO;
				SUPPORTS_MAC_DESIGNED_FOR_IPHONE_IPAD = YES;
				SWIFT_EMIT_LOC_STRINGS = YES;
				SWIFT_VERSION = 5.0;
				TARGETED_DEVICE_FAMILY = 1;
			};
			name = Release;
		};
		3AE70C552AB8537500446A6C /* Debug */ = {
			isa = XCBuildConfiguration;
			baseConfigurationReference = 852970A29C60CA9DD18CEB1C /* Pods-CinemateTests.debug.xcconfig */;
			buildSettings = {
				ALWAYS_EMBED_SWIFT_STANDARD_LIBRARIES = YES;
				BUNDLE_LOADER = "$(TEST_HOST)";
				CODE_SIGN_STYLE = Automatic;
				CURRENT_PROJECT_VERSION = 1;
				GENERATE_INFOPLIST_FILE = YES;
				IPHONEOS_DEPLOYMENT_TARGET = 16.4;
				MARKETING_VERSION = 1.0;
				PRODUCT_BUNDLE_IDENTIFIER = id.co.chrizers.CinemateTests;
				PRODUCT_NAME = "$(TARGET_NAME)";
				SWIFT_EMIT_LOC_STRINGS = NO;
				SWIFT_VERSION = 5.0;
				TARGETED_DEVICE_FAMILY = "1,2";
				TEST_HOST = "$(BUILT_PRODUCTS_DIR)/Cinemate.app/$(BUNDLE_EXECUTABLE_FOLDER_PATH)/Cinemate";
			};
			name = Debug;
		};
		3AE70C562AB8537500446A6C /* Release */ = {
			isa = XCBuildConfiguration;
			baseConfigurationReference = 1F73940BCC3CB35307DF84A4 /* Pods-CinemateTests.release.xcconfig */;
			buildSettings = {
				ALWAYS_EMBED_SWIFT_STANDARD_LIBRARIES = YES;
				BUNDLE_LOADER = "$(TEST_HOST)";
				CODE_SIGN_STYLE = Automatic;
				CURRENT_PROJECT_VERSION = 1;
				GENERATE_INFOPLIST_FILE = YES;
				IPHONEOS_DEPLOYMENT_TARGET = 16.4;
				MARKETING_VERSION = 1.0;
				PRODUCT_BUNDLE_IDENTIFIER = id.co.chrizers.CinemateTests;
				PRODUCT_NAME = "$(TARGET_NAME)";
				SWIFT_EMIT_LOC_STRINGS = NO;
				SWIFT_VERSION = 5.0;
				TARGETED_DEVICE_FAMILY = "1,2";
				TEST_HOST = "$(BUILT_PRODUCTS_DIR)/Cinemate.app/$(BUNDLE_EXECUTABLE_FOLDER_PATH)/Cinemate";
			};
			name = Release;
		};
		3AE70C582AB8537500446A6C /* Debug */ = {
			isa = XCBuildConfiguration;
			baseConfigurationReference = 4105264FFB40888BF28E5DC6 /* Pods-Cinemate-CinemateUITests.debug.xcconfig */;
			buildSettings = {
				ALWAYS_EMBED_SWIFT_STANDARD_LIBRARIES = YES;
				CODE_SIGN_STYLE = Automatic;
				CURRENT_PROJECT_VERSION = 1;
				GENERATE_INFOPLIST_FILE = YES;
				MARKETING_VERSION = 1.0;
				PRODUCT_BUNDLE_IDENTIFIER = id.co.chrizers.CinemateUITests;
				PRODUCT_NAME = "$(TARGET_NAME)";
				SWIFT_EMIT_LOC_STRINGS = NO;
				SWIFT_VERSION = 5.0;
				TARGETED_DEVICE_FAMILY = "1,2";
				TEST_TARGET_NAME = Cinemate;
			};
			name = Debug;
		};
		3AE70C592AB8537500446A6C /* Release */ = {
			isa = XCBuildConfiguration;
			baseConfigurationReference = 9A7D4674376998CF9A7C1262 /* Pods-Cinemate-CinemateUITests.release.xcconfig */;
			buildSettings = {
				ALWAYS_EMBED_SWIFT_STANDARD_LIBRARIES = YES;
				CODE_SIGN_STYLE = Automatic;
				CURRENT_PROJECT_VERSION = 1;
				GENERATE_INFOPLIST_FILE = YES;
				MARKETING_VERSION = 1.0;
				PRODUCT_BUNDLE_IDENTIFIER = id.co.chrizers.CinemateUITests;
				PRODUCT_NAME = "$(TARGET_NAME)";
				SWIFT_EMIT_LOC_STRINGS = NO;
				SWIFT_VERSION = 5.0;
				TARGETED_DEVICE_FAMILY = "1,2";
				TEST_TARGET_NAME = Cinemate;
			};
			name = Release;
		};
/* End XCBuildConfiguration section */

/* Begin XCConfigurationList section */
		3AE70C222AB8537300446A6C /* Build configuration list for PBXProject "Cinemate" */ = {
			isa = XCConfigurationList;
			buildConfigurations = (
				3AE70C4F2AB8537500446A6C /* Debug */,
				3AE70C502AB8537500446A6C /* Release */,
			);
			defaultConfigurationIsVisible = 0;
			defaultConfigurationName = Release;
		};
		3AE70C512AB8537500446A6C /* Build configuration list for PBXNativeTarget "Cinemate" */ = {
			isa = XCConfigurationList;
			buildConfigurations = (
				3AE70C522AB8537500446A6C /* Debug */,
				3AE70C532AB8537500446A6C /* Release */,
			);
			defaultConfigurationIsVisible = 0;
			defaultConfigurationName = Release;
		};
		3AE70C542AB8537500446A6C /* Build configuration list for PBXNativeTarget "CinemateTests" */ = {
			isa = XCConfigurationList;
			buildConfigurations = (
				3AE70C552AB8537500446A6C /* Debug */,
				3AE70C562AB8537500446A6C /* Release */,
			);
			defaultConfigurationIsVisible = 0;
			defaultConfigurationName = Release;
		};
		3AE70C572AB8537500446A6C /* Build configuration list for PBXNativeTarget "CinemateUITests" */ = {
			isa = XCConfigurationList;
			buildConfigurations = (
				3AE70C582AB8537500446A6C /* Debug */,
				3AE70C592AB8537500446A6C /* Release */,
			);
			defaultConfigurationIsVisible = 0;
			defaultConfigurationName = Release;
		};
/* End XCConfigurationList section */
	};
	rootObject = 3AE70C1F2AB8537300446A6C /* Project object */;
}
